
Microsoft Visual Studio Solution File, Format Version 12.00
# Visual Studio Version 16
VisualStudioVersion = 16.0.29709.97
MinimumVisualStudioVersion = 10.0.40219.1
Project("{9A19103F-16F7-4668-BE54-9A1E7A4F7556}") = "ProjectoFinalRonald", "ProjectoFinalRonald\ProjectoFinalRonald.csproj", "{7FECD706-FBFF-4879-8B86-2357424B6DFF}"
EndProject
Project("{FAE04EC0-301F-11D3-BF4B-00C04F79EFBC}") = "ProjectoFinalRonaldTests", "ProjectoFinalRonaldTests\ProjectoFinalRonaldTests.csproj", "{77E680E5-1BB9-4A87-91B2-23A0F49F90A1}"
EndProject
Global
	GlobalSection(SolutionConfigurationPlatforms) = preSolution
		Debug|Any CPU = Debug|Any CPU
		Release|Any CPU = Release|Any CPU
	EndGlobalSection
	GlobalSection(ProjectConfigurationPlatforms) = postSolution
		{7FECD706-FBFF-4879-8B86-2357424B6DFF}.Debug|Any CPU.ActiveCfg = Debug|Any CPU
		{7FECD706-FBFF-4879-8B86-2357424B6DFF}.Debug|Any CPU.Build.0 = Debug|Any CPU
		{7FECD706-FBFF-4879-8B86-2357424B6DFF}.Release|Any CPU.ActiveCfg = Release|Any CPU
		{7FECD706-FBFF-4879-8B86-2357424B6DFF}.Release|Any CPU.Build.0 = Release|Any CPU
		{77E680E5-1BB9-4A87-91B2-23A0F49F90A1}.Debug|Any CPU.ActiveCfg = Debug|Any CPU
		{77E680E5-1BB9-4A87-91B2-23A0F49F90A1}.Debug|Any CPU.Build.0 = Debug|Any CPU
		{77E680E5-1BB9-4A87-91B2-23A0F49F90A1}.Release|Any CPU.ActiveCfg = Release|Any CPU
		{77E680E5-1BB9-4A87-91B2-23A0F49F90A1}.Release|Any CPU.Build.0 = Release|Any CPU
	EndGlobalSection
	GlobalSection(SolutionProperties) = preSolution
		HideSolutionNode = FALSE
	EndGlobalSection
	GlobalSection(ExtensibilityGlobals) = postSolution
		SolutionGuid = {FEFA156E-F7BC-45F7-9714-42D5B3ED5E2A}
	EndGlobalSection
EndGlobal
